
Microsoft Visual Studio Solution File, Format Version 12.00
# Visual Studio 15
Project("{FAE04EC0-301F-11D3-BF4B-00C04F79EFBC}") = "Assembly-CSharp", "Assembly-CSharp.csproj", "{EBA59CD0-B6C3-4326-CC92-43C925994D56}"
EndProject
Project("{FAE04EC0-301F-11D3-BF4B-00C04F79EFBC}") = "Assembly-CSharp-Editor", "Assembly-CSharp-Editor.csproj", "{779CE25F-6CE5-76EB-ADE2-3EE37CDAF74C}"
EndProject
Global
	GlobalSection(SolutionConfigurationPlatforms) = preSolution
		Debug|Any CPU = Debug|Any CPU
		Release|Any CPU = Release|Any CPU
	EndGlobalSection
	GlobalSection(ProjectConfigurationPlatforms) = postSolution
		{EBA59CD0-B6C3-4326-CC92-43C925994D56}.Debug|Any CPU.ActiveCfg = Debug|Any CPU
		{EBA59CD0-B6C3-4326-CC92-43C925994D56}.Debug|Any CPU.Build.0 = Debug|Any CPU
		{EBA59CD0-B6C3-4326-CC92-43C925994D56}.Release|Any CPU.ActiveCfg = Release|Any CPU
		{EBA59CD0-B6C3-4326-CC92-43C925994D56}.Release|Any CPU.Build.0 = Release|Any CPU
		{779CE25F-6CE5-76EB-ADE2-3EE37CDAF74C}.Debug|Any CPU.ActiveCfg = Debug|Any CPU
		{779CE25F-6CE5-76EB-ADE2-3EE37CDAF74C}.Debug|Any CPU.Build.0 = Debug|Any CPU
		{779CE25F-6CE5-76EB-ADE2-3EE37CDAF74C}.Release|Any CPU.ActiveCfg = Release|Any CPU
		{779CE25F-6CE5-76EB-ADE2-3EE37CDAF74C}.Release|Any CPU.Build.0 = Release|Any CPU
	EndGlobalSection
	GlobalSection(SolutionProperties) = preSolution
		HideSolutionNode = FALSE
	EndGlobalSection
EndGlobal
